# THIS IS AN AUTOGENERATED FILE. DO NOT EDIT THIS FILE DIRECTLY.
# yarn lockfile v1
bourbon@>=3.1:
  version "4.2.7"
  resolved "https://github.com/thoughtbot/bourbon.git#ba7c9d2b6b91afab087829d6a73500a8cb290abc"
  registry bower

bourbon@~4.0.2:
  version "4.0.2"
  resolved "https://github.com/thoughtbot/bourbon.git#0ecd499848c618e4dc5779772246bf9753312308"
  registry bower

bower:
  version "1.8.0"
  resolved "https://registry.yarnpkg.com/bower/-/bower-1.8.0.tgz#55dbebef0ad9155382d9e9d3e497c1372345b44a"

jquery@~2.1.1:
  version "2.1.4"
  resolved "https://github.com/jquery/jquery-dist.git#7751e69b615c6eca6f783a81e292a55725af6b85"
  registry bower

neat@~1.6.0:
  version "1.6.0"
  resolved "https://github.com/thoughtbot/neat.git#d65e306a3ce6fcfd52962fac4cd92729c544d7d0"
  registry bower
  dependencies:
    bourbon ">=3.1"

